
Microsoft Visual Studio Solution File, Format Version 12.00
# Visual Studio Version 17
VisualStudioVersion = 17.1.32210.238
MinimumVisualStudioVersion = 10.0.40219.1
Project("{FAE04EC0-301F-11D3-BF4B-00C04F79EFBC}") = "OceanicAirlines", "OceanicAirlines\OceanicAirlines.csproj", "{6A5A530E-5AE7-4ED9-8A1E-0B0BF8B34455}"
EndProject
Global
	GlobalSection(SolutionConfigurationPlatforms) = preSolution
		Debug|Any CPU = Debug|Any CPU
		Release|Any CPU = Release|Any CPU
	EndGlobalSection
	GlobalSection(ProjectConfigurationPlatforms) = postSolution
		{6A5A530E-5AE7-4ED9-8A1E-0B0BF8B34455}.Debug|Any CPU.ActiveCfg = Debug|Any CPU
		{6A5A530E-5AE7-4ED9-8A1E-0B0BF8B34455}.Debug|Any CPU.Build.0 = Debug|Any CPU
		{6A5A530E-5AE7-4ED9-8A1E-0B0BF8B34455}.Release|Any CPU.ActiveCfg = Release|Any CPU
		{6A5A530E-5AE7-4ED9-8A1E-0B0BF8B34455}.Release|Any CPU.Build.0 = Release|Any CPU
	EndGlobalSection
	GlobalSection(SolutionProperties) = preSolution
		HideSolutionNode = FALSE
	EndGlobalSection
	GlobalSection(ExtensibilityGlobals) = postSolution
		SolutionGuid = {7B337AE5-2C9B-4611-9CB9-075F2FA51FBD}
	EndGlobalSection
EndGlobal
